{
  "name": "@epa-wg/custom-element-bootstrap",
  "version": "0.0.16",
  "lockfileVersion": 3,
  "requires": true,
  "packages": {
    "": {
      "name": "@epa-wg/custom-element-bootstrap",
      "version": "0.0.16",
      "license": "Apache-2.0",
      "dependencies": {
        "@epa-wg/custom-element": "0.0.16"
      }
    },
    "node_modules/@epa-wg/custom-element": {
      "version": "0.0.16",
      "resolved": "https://registry.npmjs.org/@epa-wg/custom-element/-/custom-element-0.0.16.tgz",
      "integrity": "sha512-B/sINbcFK0zYNzhgEQE7Ji+CJuf6XhB3QGu8TFhJKn9e8qy2sirpmQCsk4eUb7yrAz8bWDTj4Q+7ElEvRKxcIw==",
      "funding": {
        "type": "patreon",
        "url": "https://www.patreon.com/sashafirsov"
      }
    }
  }
}
